
Microsoft Visual Studio Solution File, Format Version 12.00
# Visual Studio Version 16
VisualStudioVersion = 16.0.29728.190
MinimumVisualStudioVersion = 10.0.40219.1
Project("{9A19103F-16F7-4668-BE54-9A1E7A4F7556}") = "Proteus.Utility.Configuration", "src\Proteus.Utility.Configuration\Proteus.Utility.Configuration.csproj", "{12006C2E-FCBE-4554-8CE1-693094960C6E}"
EndProject
Project("{FAE04EC0-301F-11D3-BF4B-00C04F79EFBC}") = "Proteus.Utility.Configuration.Test", "test\Proteus.Utility.Configuration.Test\Proteus.Utility.Configuration.Test.csproj", "{6403C8B9-86A0-437C-A59B-071B5DEC1A5F}"
EndProject
Project("{9A19103F-16F7-4668-BE54-9A1E7A4F7556}") = "Proteus.Utility.UnitTest", "src\Proteus.Utility.UnitTest\Proteus.Utility.UnitTest.csproj", "{33302D67-CE58-4970-BC25-6C52A3FF15CA}"
EndProject
Project("{FAE04EC0-301F-11D3-BF4B-00C04F79EFBC}") = "Proteus.Utility.UnitTest.Test", "test\Proteus.Utility.UnitTest.Test\Proteus.Utility.UnitTest.Test.csproj", "{E0B98E59-C58B-46FA-B49F-0FA76EBC9136}"
EndProject
Global
	GlobalSection(SolutionConfigurationPlatforms) = preSolution
		Debug|Any CPU = Debug|Any CPU
		Release|Any CPU = Release|Any CPU
	EndGlobalSection
	GlobalSection(ProjectConfigurationPlatforms) = postSolution
		{12006C2E-FCBE-4554-8CE1-693094960C6E}.Debug|Any CPU.ActiveCfg = Debug|Any CPU
		{12006C2E-FCBE-4554-8CE1-693094960C6E}.Debug|Any CPU.Build.0 = Debug|Any CPU
		{12006C2E-FCBE-4554-8CE1-693094960C6E}.Release|Any CPU.ActiveCfg = Release|Any CPU
		{12006C2E-FCBE-4554-8CE1-693094960C6E}.Release|Any CPU.Build.0 = Release|Any CPU
		{6403C8B9-86A0-437C-A59B-071B5DEC1A5F}.Debug|Any CPU.ActiveCfg = Debug|Any CPU
		{6403C8B9-86A0-437C-A59B-071B5DEC1A5F}.Debug|Any CPU.Build.0 = Debug|Any CPU
		{6403C8B9-86A0-437C-A59B-071B5DEC1A5F}.Release|Any CPU.ActiveCfg = Release|Any CPU
		{6403C8B9-86A0-437C-A59B-071B5DEC1A5F}.Release|Any CPU.Build.0 = Release|Any CPU
		{33302D67-CE58-4970-BC25-6C52A3FF15CA}.Debug|Any CPU.ActiveCfg = Debug|Any CPU
		{33302D67-CE58-4970-BC25-6C52A3FF15CA}.Debug|Any CPU.Build.0 = Debug|Any CPU
		{33302D67-CE58-4970-BC25-6C52A3FF15CA}.Release|Any CPU.ActiveCfg = Release|Any CPU
		{33302D67-CE58-4970-BC25-6C52A3FF15CA}.Release|Any CPU.Build.0 = Release|Any CPU
		{E0B98E59-C58B-46FA-B49F-0FA76EBC9136}.Debug|Any CPU.ActiveCfg = Debug|Any CPU
		{E0B98E59-C58B-46FA-B49F-0FA76EBC9136}.Debug|Any CPU.Build.0 = Debug|Any CPU
		{E0B98E59-C58B-46FA-B49F-0FA76EBC9136}.Release|Any CPU.ActiveCfg = Release|Any CPU
		{E0B98E59-C58B-46FA-B49F-0FA76EBC9136}.Release|Any CPU.Build.0 = Release|Any CPU
	EndGlobalSection
	GlobalSection(SolutionProperties) = preSolution
		HideSolutionNode = FALSE
	EndGlobalSection
	GlobalSection(ExtensibilityGlobals) = postSolution
		SolutionGuid = {25871C20-7B06-42B8-86A2-649A44C638FB}
	EndGlobalSection
EndGlobal
