
Microsoft Visual Studio Solution File, Format Version 12.00
# Visual Studio 2013
VisualStudioVersion = 12.0.30723.0
MinimumVisualStudioVersion = 10.0.40219.1
Project("{FAE04EC0-301F-11D3-BF4B-00C04F79EFBC}") = "Proteus.Domain.Foundation", "src\Proteus.Domain.Foundation\Proteus.Domain.Foundation.csproj", "{13E86F35-1A5F-4995-A282-037516F14C86}"
EndProject
Project("{FAE04EC0-301F-11D3-BF4B-00C04F79EFBC}") = "Proteus.Utility.UnitTest", "src\Proteus.Utility.UnitTest\Proteus.Utility.UnitTest.csproj", "{B64E4C8C-D622-42E9-AD6F-244581F33D82}"
EndProject
Project("{FAE04EC0-301F-11D3-BF4B-00C04F79EFBC}") = "Proteus.Domain.Foundation.Tests", "test\Proteus.Domain.Foundation.Tests\Proteus.Domain.Foundation.Tests.csproj", "{D636B834-6E81-4594-B033-D5A7A072BE08}"
EndProject
Project("{FAE04EC0-301F-11D3-BF4B-00C04F79EFBC}") = "Proteus.Utility.UnitTest.Test", "test\Proteus.Utility.UnitTest.Test\Proteus.Utility.UnitTest.Test.csproj", "{1296F952-000F-4E02-A991-4C135C73D98F}"
EndProject
Global
	GlobalSection(SolutionConfigurationPlatforms) = preSolution
		Debug|Any CPU = Debug|Any CPU
		Release|Any CPU = Release|Any CPU
	EndGlobalSection
	GlobalSection(ProjectConfigurationPlatforms) = postSolution
		{13E86F35-1A5F-4995-A282-037516F14C86}.Debug|Any CPU.ActiveCfg = Debug|Any CPU
		{13E86F35-1A5F-4995-A282-037516F14C86}.Debug|Any CPU.Build.0 = Debug|Any CPU
		{13E86F35-1A5F-4995-A282-037516F14C86}.Release|Any CPU.ActiveCfg = Release|Any CPU
		{13E86F35-1A5F-4995-A282-037516F14C86}.Release|Any CPU.Build.0 = Release|Any CPU
		{B64E4C8C-D622-42E9-AD6F-244581F33D82}.Debug|Any CPU.ActiveCfg = Debug|Any CPU
		{B64E4C8C-D622-42E9-AD6F-244581F33D82}.Debug|Any CPU.Build.0 = Debug|Any CPU
		{B64E4C8C-D622-42E9-AD6F-244581F33D82}.Release|Any CPU.ActiveCfg = Release|Any CPU
		{B64E4C8C-D622-42E9-AD6F-244581F33D82}.Release|Any CPU.Build.0 = Release|Any CPU
		{D636B834-6E81-4594-B033-D5A7A072BE08}.Debug|Any CPU.ActiveCfg = Debug|Any CPU
		{D636B834-6E81-4594-B033-D5A7A072BE08}.Debug|Any CPU.Build.0 = Debug|Any CPU
		{D636B834-6E81-4594-B033-D5A7A072BE08}.Release|Any CPU.ActiveCfg = Release|Any CPU
		{D636B834-6E81-4594-B033-D5A7A072BE08}.Release|Any CPU.Build.0 = Release|Any CPU
		{1296F952-000F-4E02-A991-4C135C73D98F}.Debug|Any CPU.ActiveCfg = Debug|Any CPU
		{1296F952-000F-4E02-A991-4C135C73D98F}.Debug|Any CPU.Build.0 = Debug|Any CPU
		{1296F952-000F-4E02-A991-4C135C73D98F}.Release|Any CPU.ActiveCfg = Release|Any CPU
		{1296F952-000F-4E02-A991-4C135C73D98F}.Release|Any CPU.Build.0 = Release|Any CPU
	EndGlobalSection
	GlobalSection(SolutionProperties) = preSolution
		HideSolutionNode = FALSE
	EndGlobalSection
EndGlobal
